// !$*UTF8*$!
{
	archiveVersion = 1;
	classes = {
	};
	objectVersion = 46;
	objects = {

/* Begin PBXBuildFile section */
		84D9D9D91AEAFF90005834B2 /* main.m in Sources */ = {isa = PBXBuildFile; fileRef = 84D9D9D81AEAFF90005834B2 /* main.m */; };
		84D9D9DC1AEAFF90005834B2 /* AppDelegate.m in Sources */ = {isa = PBXBuildFile; fileRef = 84D9D9DB1AEAFF90005834B2 /* AppDelegate.m */; };
		84D9D9E41AEAFF90005834B2 /* Images.xcassets in Resources */ = {isa = PBXBuildFile; fileRef = 84D9D9E31AEAFF90005834B2 /* Images.xcassets */; };
		84D9D9F31AEAFF90005834B2 /* No_storyboardTests.m in Sources */ = {isa = PBXBuildFile; fileRef = 84D9D9F21AEAFF90005834B2 /* No_storyboardTests.m */; };
		84D9D9FF1AEB047F005834B2 /* ViewController.m in Sources */ = {isa = PBXBuildFile; fileRef = 84D9D9FD1AEB047F005834B2 /* ViewController.m */; };
		84D9DA001AEB047F005834B2 /* ViewController.xib in Resources */ = {isa = PBXBuildFile; fileRef = 84D9D9FE1AEB047F005834B2 /* ViewController.xib */; };
		84D9DA021AEB0953005834B2 /* creme_brelee.jpg in Resources */ = {isa = PBXBuildFile; fileRef = 84D9DA011AEB0953005834B2 /* creme_brelee.jpg */; };
		84D9DA141AEB0A99005834B2 /* angry_birds_cake.jpg in Resources */ = {isa = PBXBuildFile; fileRef = 84D9DA041AEB0A99005834B2 /* angry_birds_cake.jpg */; };
		84D9DA151AEB0A99005834B2 /* creme_brelee.jpg in Resources */ = {isa = PBXBuildFile; fileRef = 84D9DA051AEB0A99005834B2 /* creme_brelee.jpg */; };
		84D9DA161AEB0A99005834B2 /* egg_benedict.jpg in Resources */ = {isa = PBXBuildFile; fileRef = 84D9DA061AEB0A99005834B2 /* egg_benedict.jpg */; };
		84D9DA171AEB0A99005834B2 /* full_breakfast.jpg in Resources */ = {isa = PBXBuildFile; fileRef = 84D9DA071AEB0A99005834B2 /* full_breakfast.jpg */; };
		84D9DA181AEB0A99005834B2 /* green_tea.jpg in Resources */ = {isa = PBXBuildFile; fileRef = 84D9DA081AEB0A99005834B2 /* green_tea.jpg */; };
		84D9DA191AEB0A99005834B2 /* ham_and_cheese_panini.jpg in Resources */ = {isa = PBXBuildFile; fileRef = 84D9DA091AEB0A99005834B2 /* ham_and_cheese_panini.jpg */; };
		84D9DA1A1AEB0A99005834B2 /* ham_and_egg_sandwich.jpg in Resources */ = {isa = PBXBuildFile; fileRef = 84D9DA0A1AEB0A99005834B2 /* ham_and_egg_sandwich.jpg */; };
		84D9DA1B1AEB0A99005834B2 /* hamburger.jpg in Resources */ = {isa = PBXBuildFile; fileRef = 84D9DA0B1AEB0A99005834B2 /* hamburger.jpg */; };
		84D9DA1C1AEB0A99005834B2 /* instant_noodle_with_egg.jpg in Resources */ = {isa = PBXBuildFile; fileRef = 84D9DA0C1AEB0A99005834B2 /* instant_noodle_with_egg.jpg */; };
		84D9DA1D1AEB0A99005834B2 /* japanese_noodle_with_pork.jpg in Resources */ = {isa = PBXBuildFile; fileRef = 84D9DA0D1AEB0A99005834B2 /* japanese_noodle_with_pork.jpg */; };
		84D9DA1E1AEB0A99005834B2 /* mushroom_risotto.jpg in Resources */ = {isa = PBXBuildFile; fileRef = 84D9DA0E1AEB0A99005834B2 /* mushroom_risotto.jpg */; };
		84D9DA1F1AEB0A99005834B2 /* noodle_with_bbq_pork.jpg in Resources */ = {isa = PBXBuildFile; fileRef = 84D9DA0F1AEB0A99005834B2 /* noodle_with_bbq_pork.jpg */; };
		84D9DA201AEB0A99005834B2 /* starbucks_coffee.jpg in Resources */ = {isa = PBXBuildFile; fileRef = 84D9DA101AEB0A99005834B2 /* starbucks_coffee.jpg */; };
		84D9DA211AEB0A99005834B2 /* thai_shrimp_cake.jpg in Resources */ = {isa = PBXBuildFile; fileRef = 84D9DA111AEB0A99005834B2 /* thai_shrimp_cake.jpg */; };
		84D9DA221AEB0A99005834B2 /* vegetable_curry.jpg in Resources */ = {isa = PBXBuildFile; fileRef = 84D9DA121AEB0A99005834B2 /* vegetable_curry.jpg */; };
		84D9DA231AEB0A99005834B2 /* white_chocolate_donut.jpg in Resources */ = {isa = PBXBuildFile; fileRef = 84D9DA131AEB0A99005834B2 /* white_chocolate_donut.jpg */; };
		84D9DA251AEB0B05005834B2 /* SimpleTableCell.xib in Resources */ = {isa = PBXBuildFile; fileRef = 84D9DA241AEB0B05005834B2 /* SimpleTableCell.xib */; };
		84D9DA2B1AEB0CE4005834B2 /* SimpleTableCell.m in Sources */ = {isa = PBXBuildFile; fileRef = 84D9DA2A1AEB0CE4005834B2 /* SimpleTableCell.m */; };
/* End PBXBuildFile section */

/* Begin PBXContainerItemProxy section */
		84D9D9ED1AEAFF90005834B2 /* PBXContainerItemProxy */ = {
			isa = PBXContainerItemProxy;
			containerPortal = 84D9D9CB1AEAFF90005834B2 /* Project object */;
			proxyType = 1;
			remoteGlobalIDString = 84D9D9D21AEAFF90005834B2;
			remoteInfo = No_storyboard;
		};
/* End PBXContainerItemProxy section */

/* Begin PBXFileReference section */
		84D9D9D31AEAFF90005834B2 /* No_storyboard.app */ = {isa = PBXFileReference; explicitFileType = wrapper.application; includeInIndex = 0; path = No_storyboard.app; sourceTree = BUILT_PRODUCTS_DIR; };
		84D9D9D71AEAFF90005834B2 /* Info.plist */ = {isa = PBXFileReference; lastKnownFileType = text.plist.xml; path = Info.plist; sourceTree = "<group>"; };
		84D9D9D81AEAFF90005834B2 /* main.m */ = {isa = PBXFileReference; lastKnownFileType = sourcecode.c.objc; path = main.m; sourceTree = "<group>"; };
		84D9D9DA1AEAFF90005834B2 /* AppDelegate.h */ = {isa = PBXFileReference; lastKnownFileType = sourcecode.c.h; path = AppDelegate.h; sourceTree = "<group>"; };
		84D9D9DB1AEAFF90005834B2 /* AppDelegate.m */ = {isa = PBXFileReference; lastKnownFileType = sourcecode.c.objc; path = AppDelegate.m; sourceTree = "<group>"; };
		84D9D9E31AEAFF90005834B2 /* Images.xcassets */ = {isa = PBXFileReference; lastKnownFileType = folder.assetcatalog; path = Images.xcassets; sourceTree = "<group>"; };
		84D9D9EC1AEAFF90005834B2 /* No_storyboardTests.xctest */ = {isa = PBXFileReference; explicitFileType = wrapper.cfbundle; includeInIndex = 0; path = No_storyboardTests.xctest; sourceTree = BUILT_PRODUCTS_DIR; };
		84D9D9F11AEAFF90005834B2 /* Info.plist */ = {isa = PBXFileReference; lastKnownFileType = text.plist.xml; path = Info.plist; sourceTree = "<group>"; };
		84D9D9F21AEAFF90005834B2 /* No_storyboardTests.m */ = {isa = PBXFileReference; lastKnownFileType = sourcecode.c.objc; path = No_storyboardTests.m; sourceTree = "<group>"; };
		84D9D9FC1AEB047F005834B2 /* ViewController.h */ = {isa = PBXFileReference; fileEncoding = 4; lastKnownFileType = sourcecode.c.h; path = ViewController.h; sourceTree = "<group>"; };
		84D9D9FD1AEB047F005834B2 /* ViewController.m */ = {isa = PBXFileReference; fileEncoding = 4; lastKnownFileType = sourcecode.c.objc; path = ViewController.m; sourceTree = "<group>"; };
		84D9D9FE1AEB047F005834B2 /* ViewController.xib */ = {isa = PBXFileReference; fileEncoding = 4; lastKnownFileType = file.xib; path = ViewController.xib; sourceTree = "<group>"; };
		84D9DA011AEB0953005834B2 /* creme_brelee.jpg */ = {isa = PBXFileReference; lastKnownFileType = image.jpeg; path = creme_brelee.jpg; sourceTree = "<group>"; };
		84D9DA041AEB0A99005834B2 /* angry_birds_cake.jpg */ = {isa = PBXFileReference; lastKnownFileType = image.jpeg; path = angry_birds_cake.jpg; sourceTree = "<group>"; };
		84D9DA051AEB0A99005834B2 /* creme_brelee.jpg */ = {isa = PBXFileReference; lastKnownFileType = image.jpeg; path = creme_brelee.jpg; sourceTree = "<group>"; };
		84D9DA061AEB0A99005834B2 /* egg_benedict.jpg */ = {isa = PBXFileReference; lastKnownFileType = image.jpeg; path = egg_benedict.jpg; sourceTree = "<group>"; };
		84D9DA071AEB0A99005834B2 /* full_breakfast.jpg */ = {isa = PBXFileReference; lastKnownFileType = image.jpeg; path = full_breakfast.jpg; sourceTree = "<group>"; };
		84D9DA081AEB0A99005834B2 /* green_tea.jpg */ = {isa = PBXFileReference; lastKnownFileType = image.jpeg; path = green_tea.jpg; sourceTree = "<group>"; };
		84D9DA091AEB0A99005834B2 /* ham_and_cheese_panini.jpg */ = {isa = PBXFileReference; lastKnownFileType = image.jpeg; path = ham_and_cheese_panini.jpg; sourceTree = "<group>"; };
		84D9DA0A1AEB0A99005834B2 /* ham_and_egg_sandwich.jpg */ = {isa = PBXFileReference; lastKnownFileType = image.jpeg; path = ham_and_egg_sandwich.jpg; sourceTree = "<group>"; };
		84D9DA0B1AEB0A99005834B2 /* hamburger.jpg */ = {isa = PBXFileReference; lastKnownFileType = image.jpeg; path = hamburger.jpg; sourceTree = "<group>"; };
		84D9DA0C1AEB0A99005834B2 /* instant_noodle_with_egg.jpg */ = {isa = PBXFileReference; lastKnownFileType = image.jpeg; path = instant_noodle_with_egg.jpg; sourceTree = "<group>"; };
		84D9DA0D1AEB0A99005834B2 /* japanese_noodle_with_pork.jpg */ = {isa = PBXFileReference; lastKnownFileType = image.jpeg; path = japanese_noodle_with_pork.jpg; sourceTree = "<group>"; };
		84D9DA0E1AEB0A99005834B2 /* mushroom_risotto.jpg */ = {isa = PBXFileReference; lastKnownFileType = image.jpeg; path = mushroom_risotto.jpg; sourceTree = "<group>"; };
		84D9DA0F1AEB0A99005834B2 /* noodle_with_bbq_pork.jpg */ = {isa = PBXFileReference; lastKnownFileType = image.jpeg; path = noodle_with_bbq_pork.jpg; sourceTree = "<group>"; };
		84D9DA101AEB0A99005834B2 /* starbucks_coffee.jpg */ = {isa = PBXFileReference; lastKnownFileType = image.jpeg; path = starbucks_coffee.jpg; sourceTree = "<group>"; };
		84D9DA111AEB0A99005834B2 /* thai_shrimp_cake.jpg */ = {isa = PBXFileReference; lastKnownFileType = image.jpeg; path = thai_shrimp_cake.jpg; sourceTree = "<group>"; };
		84D9DA121AEB0A99005834B2 /* vegetable_curry.jpg */ = {isa = PBXFileReference; lastKnownFileType = image.jpeg; path = vegetable_curry.jpg; sourceTree = "<group>"; };
		84D9DA131AEB0A99005834B2 /* white_chocolate_donut.jpg */ = {isa = PBXFileReference; lastKnownFileType = image.jpeg; path = white_chocolate_donut.jpg; sourceTree = "<group>"; };
		84D9DA241AEB0B05005834B2 /* SimpleTableCell.xib */ = {isa = PBXFileReference; fileEncoding = 4; lastKnownFileType = file.xib; path = SimpleTableCell.xib; sourceTree = "<group>"; };
		84D9DA291AEB0CE4005834B2 /* SimpleTableCell.h */ = {isa = PBXFileReference; fileEncoding = 4; lastKnownFileType = sourcecode.c.h; path = SimpleTableCell.h; sourceTree = "<group>"; };
		84D9DA2A1AEB0CE4005834B2 /* SimpleTableCell.m */ = {isa = PBXFileReference; fileEncoding = 4; lastKnownFileType = sourcecode.c.objc; path = SimpleTableCell.m; sourceTree = "<group>"; };
/* End PBXFileReference section */

/* Begin PBXFrameworksBuildPhase section */
		84D9D9D01AEAFF90005834B2 /* Frameworks */ = {
			isa = PBXFrameworksBuildPhase;
			buildActionMask = 2147483647;
			files = (
			);
			runOnlyForDeploymentPostprocessing = 0;
		};
		84D9D9E91AEAFF90005834B2 /* Frameworks */ = {
			isa = PBXFrameworksBuildPhase;
			buildActionMask = 2147483647;
			files = (
			);
			runOnlyForDeploymentPostprocessing = 0;
		};
/* End PBXFrameworksBuildPhase section */

/* Begin PBXGroup section */
		84D9D9CA1AEAFF90005834B2 = {
			isa = PBXGroup;
			children = (
				84D9D9D51AEAFF90005834B2 /* No_storyboard */,
				84D9D9EF1AEAFF90005834B2 /* No_storyboardTests */,
				84D9D9D41AEAFF90005834B2 /* Products */,
			);
			sourceTree = "<group>";
		};
		84D9D9D41AEAFF90005834B2 /* Products */ = {
			isa = PBXGroup;
			children = (
				84D9D9D31AEAFF90005834B2 /* No_storyboard.app */,
				84D9D9EC1AEAFF90005834B2 /* No_storyboardTests.xctest */,
			);
			name = Products;
			sourceTree = "<group>";
		};
		84D9D9D51AEAFF90005834B2 /* No_storyboard */ = {
			isa = PBXGroup;
			children = (
				84D9DA031AEB0A99005834B2 /* simpletable_image_pack */,
				84D9DA011AEB0953005834B2 /* creme_brelee.jpg */,
				84D9D9DA1AEAFF90005834B2 /* AppDelegate.h */,
				84D9D9DB1AEAFF90005834B2 /* AppDelegate.m */,
				84D9D9E31AEAFF90005834B2 /* Images.xcassets */,
				84D9D9D61AEAFF90005834B2 /* Supporting Files */,
				84D9D9FC1AEB047F005834B2 /* ViewController.h */,
				84D9D9FD1AEB047F005834B2 /* ViewController.m */,
				84D9D9FE1AEB047F005834B2 /* ViewController.xib */,
				84D9DA241AEB0B05005834B2 /* SimpleTableCell.xib */,
				84D9DA291AEB0CE4005834B2 /* SimpleTableCell.h */,
				84D9DA2A1AEB0CE4005834B2 /* SimpleTableCell.m */,
			);
			path = No_storyboard;
			sourceTree = "<group>";
		};
		84D9D9D61AEAFF90005834B2 /* Supporting Files */ = {
			isa = PBXGroup;
			children = (
				84D9D9D71AEAFF90005834B2 /* Info.plist */,
				84D9D9D81AEAFF90005834B2 /* main.m */,
			);
			name = "Supporting Files";
			sourceTree = "<group>";
		};
		84D9D9EF1AEAFF90005834B2 /* No_storyboardTests */ = {
			isa = PBXGroup;
			children = (
				84D9D9F21AEAFF90005834B2 /* No_storyboardTests.m */,
				84D9D9F01AEAFF90005834B2 /* Supporting Files */,
			);
			path = No_storyboardTests;
			sourceTree = "<group>";
		};
		84D9D9F01AEAFF90005834B2 /* Supporting Files */ = {
			isa = PBXGroup;
			children = (
				84D9D9F11AEAFF90005834B2 /* Info.plist */,
			);
			name = "Supporting Files";
			sourceTree = "<group>";
		};
		84D9DA031AEB0A99005834B2 /* simpletable_image_pack */ = {
			isa = PBXGroup;
			children = (
				84D9DA041AEB0A99005834B2 /* angry_birds_cake.jpg */,
				84D9DA051AEB0A99005834B2 /* creme_brelee.jpg */,
				84D9DA061AEB0A99005834B2 /* egg_benedict.jpg */,
				84D9DA071AEB0A99005834B2 /* full_breakfast.jpg */,
				84D9DA081AEB0A99005834B2 /* green_tea.jpg */,
				84D9DA091AEB0A99005834B2 /* ham_and_cheese_panini.jpg */,
				84D9DA0A1AEB0A99005834B2 /* ham_and_egg_sandwich.jpg */,
				84D9DA0B1AEB0A99005834B2 /* hamburger.jpg */,
				84D9DA0C1AEB0A99005834B2 /* instant_noodle_with_egg.jpg */,
				84D9DA0D1AEB0A99005834B2 /* japanese_noodle_with_pork.jpg */,
				84D9DA0E1AEB0A99005834B2 /* mushroom_risotto.jpg */,
				84D9DA0F1AEB0A99005834B2 /* noodle_with_bbq_pork.jpg */,
				84D9DA101AEB0A99005834B2 /* starbucks_coffee.jpg */,
				84D9DA111AEB0A99005834B2 /* thai_shrimp_cake.jpg */,
				84D9DA121AEB0A99005834B2 /* vegetable_curry.jpg */,
				84D9DA131AEB0A99005834B2 /* white_chocolate_donut.jpg */,
			);
			path = simpletable_image_pack;
			sourceTree = "<group>";
		};
/* End PBXGroup section */

/* Begin PBXNativeTarget section */
		84D9D9D21AEAFF90005834B2 /* No_storyboard */ = {
			isa = PBXNativeTarget;
			buildConfigurationList = 84D9D9F61AEAFF90005834B2 /* Build configuration list for PBXNativeTarget "No_storyboard" */;
			buildPhases = (
				84D9D9CF1AEAFF90005834B2 /* Sources */,
				84D9D9D01AEAFF90005834B2 /* Frameworks */,
				84D9D9D11AEAFF90005834B2 /* Resources */,
			);
			buildRules = (
			);
			dependencies = (
			);
			name = No_storyboard;
			productName = No_storyboard;
			productReference = 84D9D9D31AEAFF90005834B2 /* No_storyboard.app */;
			productType = "com.apple.product-type.application";
		};
		84D9D9EB1AEAFF90005834B2 /* No_storyboardTests */ = {
			isa = PBXNativeTarget;
			buildConfigurationList = 84D9D9F91AEAFF90005834B2 /* Build configuration list for PBXNativeTarget "No_storyboardTests" */;
			buildPhases = (
				84D9D9E81AEAFF90005834B2 /* Sources */,
				84D9D9E91AEAFF90005834B2 /* Frameworks */,
				84D9D9EA1AEAFF90005834B2 /* Resources */,
			);
			buildRules = (
			);
			dependencies = (
				84D9D9EE1AEAFF90005834B2 /* PBXTargetDependency */,
			);
			name = No_storyboardTests;
			productName = No_storyboardTests;
			productReference = 84D9D9EC1AEAFF90005834B2 /* No_storyboardTests.xctest */;
			productType = "com.apple.product-type.bundle.unit-test";
		};
/* End PBXNativeTarget section */

/* Begin PBXProject section */
		84D9D9CB1AEAFF90005834B2 /* Project object */ = {
			isa = PBXProject;
			attributes = {
				LastUpgradeCheck = 0630;
				ORGANIZATIONNAME = Admin;
				TargetAttributes = {
					84D9D9D21AEAFF90005834B2 = {
						CreatedOnToolsVersion = 6.3.1;
					};
					84D9D9EB1AEAFF90005834B2 = {
						CreatedOnToolsVersion = 6.3.1;
						TestTargetID = 84D9D9D21AEAFF90005834B2;
					};
				};
			};
			buildConfigurationList = 84D9D9CE1AEAFF90005834B2 /* Build configuration list for PBXProject "No_storyboard" */;
			compatibilityVersion = "Xcode 3.2";
			developmentRegion = English;
			hasScannedForEncodings = 0;
			knownRegions = (
				en,
				Base,
			);
			mainGroup = 84D9D9CA1AEAFF90005834B2;
			productRefGroup = 84D9D9D41AEAFF90005834B2 /* Products */;
			projectDirPath = "";
			projectRoot = "";
			targets = (
				84D9D9D21AEAFF90005834B2 /* No_storyboard */,
				84D9D9EB1AEAFF90005834B2 /* No_storyboardTests */,
			);
		};
/* End PBXProject section */

/* Begin PBXResourcesBuildPhase section */
		84D9D9D11AEAFF90005834B2 /* Resources */ = {
			isa = PBXResourcesBuildPhase;
			buildActionMask = 2147483647;
			files = (
				84D9DA171AEB0A99005834B2 /* full_breakfast.jpg in Resources */,
				84D9DA001AEB047F005834B2 /* ViewController.xib in Resources */,
				84D9DA151AEB0A99005834B2 /* creme_brelee.jpg in Resources */,
				84D9DA221AEB0A99005834B2 /* vegetable_curry.jpg in Resources */,
				84D9DA211AEB0A99005834B2 /* thai_shrimp_cake.jpg in Resources */,
				84D9D9E41AEAFF90005834B2 /* Images.xcassets in Resources */,
				84D9DA251AEB0B05005834B2 /* SimpleTableCell.xib in Resources */,
				84D9DA231AEB0A99005834B2 /* white_chocolate_donut.jpg in Resources */,
				84D9DA1C1AEB0A99005834B2 /* instant_noodle_with_egg.jpg in Resources */,
				84D9DA1B1AEB0A99005834B2 /* hamburger.jpg in Resources */,
				84D9DA1F1AEB0A99005834B2 /* noodle_with_bbq_pork.jpg in Resources */,
				84D9DA141AEB0A99005834B2 /* angry_birds_cake.jpg in Resources */,
				84D9DA021AEB0953005834B2 /* creme_brelee.jpg in Resources */,
				84D9DA191AEB0A99005834B2 /* ham_and_cheese_panini.jpg in Resources */,
				84D9DA181AEB0A99005834B2 /* green_tea.jpg in Resources */,
				84D9DA1E1AEB0A99005834B2 /* mushroom_risotto.jpg in Resources */,
				84D9DA201AEB0A99005834B2 /* starbucks_coffee.jpg in Resources */,
				84D9DA161AEB0A99005834B2 /* egg_benedict.jpg in Resources */,
				84D9DA1A1AEB0A99005834B2 /* ham_and_egg_sandwich.jpg in Resources */,
				84D9DA1D1AEB0A99005834B2 /* japanese_noodle_with_pork.jpg in Resources */,
			);
			runOnlyForDeploymentPostprocessing = 0;
		};
		84D9D9EA1AEAFF90005834B2 /* Resources */ = {
			isa = PBXResourcesBuildPhase;
			buildActionMask = 2147483647;
			files = (
			);
			runOnlyForDeploymentPostprocessing = 0;
		};
/* End PBXResourcesBuildPhase section */

/* Begin PBXSourcesBuildPhase section */
		84D9D9CF1AEAFF90005834B2 /* Sources */ = {
			isa = PBXSourcesBuildPhase;
			buildActionMask = 2147483647;
			files = (
				84D9D9FF1AEB047F005834B2 /* ViewController.m in Sources */,
				84D9D9DC1AEAFF90005834B2 /* AppDelegate.m in Sources */,
				84D9DA2B1AEB0CE4005834B2 /* SimpleTableCell.m in Sources */,
				84D9D9D91AEAFF90005834B2 /* main.m in Sources */,
			);
			runOnlyForDeploymentPostprocessing = 0;
		};
		84D9D9E81AEAFF90005834B2 /* Sources */ = {
			isa = PBXSourcesBuildPhase;
			buildActionMask = 2147483647;
			files = (
				84D9D9F31AEAFF90005834B2 /* No_storyboardTests.m in Sources */,
			);
			runOnlyForDeploymentPostprocessing = 0;
		};
/* End PBXSourcesBuildPhase section */

/* Begin PBXTargetDependency section */
		84D9D9EE1AEAFF90005834B2 /* PBXTargetDependency */ = {
			isa = PBXTargetDependency;
			target = 84D9D9D21AEAFF90005834B2 /* No_storyboard */;
			targetProxy = 84D9D9ED1AEAFF90005834B2 /* PBXContainerItemProxy */;
		};
/* End PBXTargetDependency section */

/* Begin XCBuildConfiguration section */
		84D9D9F41AEAFF90005834B2 /* Debug */ = {
			isa = XCBuildConfiguration;
			buildSettings = {
				ALWAYS_SEARCH_USER_PATHS = NO;
				CLANG_CXX_LANGUAGE_STANDARD = "gnu++0x";
				CLANG_CXX_LIBRARY = "libc++";
				CLANG_ENABLE_MODULES = YES;
				CLANG_ENABLE_OBJC_ARC = YES;
				CLANG_WARN_BOOL_CONVERSION = YES;
				CLANG_WARN_CONSTANT_CONVERSION = YES;
				CLANG_WARN_DIRECT_OBJC_ISA_USAGE = YES_ERROR;
				CLANG_WARN_EMPTY_BODY = YES;
				CLANG_WARN_ENUM_CONVERSION = YES;
				CLANG_WARN_INT_CONVERSION = YES;
				CLANG_WARN_OBJC_ROOT_CLASS = YES_ERROR;
				CLANG_WARN_UNREACHABLE_CODE = YES;
				CLANG_WARN__DUPLICATE_METHOD_MATCH = YES;
				"CODE_SIGN_IDENTITY[sdk=iphoneos*]" = "iPhone Developer";
				COPY_PHASE_STRIP = NO;
				DEBUG_INFORMATION_FORMAT = "dwarf-with-dsym";
				ENABLE_STRICT_OBJC_MSGSEND = YES;
				GCC_C_LANGUAGE_STANDARD = gnu99;
				GCC_DYNAMIC_NO_PIC = NO;
				GCC_NO_COMMON_BLOCKS = YES;
				GCC_OPTIMIZATION_LEVEL = 0;
				GCC_PREPROCESSOR_DEFINITIONS = (
					"DEBUG=1",
					"$(inherited)",
				);
				GCC_SYMBOLS_PRIVATE_EXTERN = NO;
				GCC_WARN_64_TO_32_BIT_CONVERSION = YES;
				GCC_WARN_ABOUT_RETURN_TYPE = YES_ERROR;
				GCC_WARN_UNDECLARED_SELECTOR = YES;
				GCC_WARN_UNINITIALIZED_AUTOS = YES_AGGRESSIVE;
				GCC_WARN_UNUSED_FUNCTION = YES;
				GCC_WARN_UNUSED_VARIABLE = YES;
				IPHONEOS_DEPLOYMENT_TARGET = 8.3;
				MTL_ENABLE_DEBUG_INFO = YES;
				ONLY_ACTIVE_ARCH = YES;
				SDKROOT = iphoneos;
			};
			name = Debug;
		};
		84D9D9F51AEAFF90005834B2 /* Release */ = {
			isa = XCBuildConfiguration;
			buildSettings = {
				ALWAYS_SEARCH_USER_PATHS = NO;
				CLANG_CXX_LANGUAGE_STANDARD = "gnu++0x";
				CLANG_CXX_LIBRARY = "libc++";
				CLANG_ENABLE_MODULES = YES;
				CLANG_ENABLE_OBJC_ARC = YES;
				CLANG_WARN_BOOL_CONVERSION = YES;
				CLANG_WARN_CONSTANT_CONVERSION = YES;
				CLANG_WARN_DIRECT_OBJC_ISA_USAGE = YES_ERROR;
				CLANG_WARN_EMPTY_BODY = YES;
				CLANG_WARN_ENUM_CONVERSION = YES;
				CLANG_WARN_INT_CONVERSION = YES;
				CLANG_WARN_OBJC_ROOT_CLASS = YES_ERROR;
				CLANG_WARN_UNREACHABLE_CODE = YES;
				CLANG_WARN__DUPLICATE_METHOD_MATCH = YES;
				"CODE_SIGN_IDENTITY[sdk=iphoneos*]" = "iPhone Developer";
				COPY_PHASE_STRIP = NO;
				DEBUG_INFORMATION_FORMAT = "dwarf-with-dsym";
				ENABLE_NS_ASSERTIONS = NO;
				ENABLE_STRICT_OBJC_MSGSEND = YES;
				GCC_C_LANGUAGE_STANDARD = gnu99;
				GCC_NO_COMMON_BLOCKS = YES;
				GCC_WARN_64_TO_32_BIT_CONVERSION = YES;
				GCC_WARN_ABOUT_RETURN_TYPE = YES_ERROR;
				GCC_WARN_UNDECLARED_SELECTOR = YES;
				GCC_WARN_UNINITIALIZED_AUTOS = YES_AGGRESSIVE;
				GCC_WARN_UNUSED_FUNCTION = YES;
				GCC_WARN_UNUSED_VARIABLE = YES;
				IPHONEOS_DEPLOYMENT_TARGET = 8.3;
				MTL_ENABLE_DEBUG_INFO = NO;
				SDKROOT = iphoneos;
				VALIDATE_PRODUCT = YES;
			};
			name = Release;
		};
		84D9D9F71AEAFF90005834B2 /* Debug */ = {
			isa = XCBuildConfiguration;
			buildSettings = {
				ASSETCATALOG_COMPILER_APPICON_NAME = AppIcon;
				INFOPLIST_FILE = No_storyboard/Info.plist;
				LD_RUNPATH_SEARCH_PATHS = "$(inherited) @executable_path/Frameworks";
				PRODUCT_NAME = "$(TARGET_NAME)";
			};
			name = Debug;
		};
		84D9D9F81AEAFF90005834B2 /* Release */ = {
			isa = XCBuildConfiguration;
			buildSettings = {
				ASSETCATALOG_COMPILER_APPICON_NAME = AppIcon;
				INFOPLIST_FILE = No_storyboard/Info.plist;
				LD_RUNPATH_SEARCH_PATHS = "$(inherited) @executable_path/Frameworks";
				PRODUCT_NAME = "$(TARGET_NAME)";
			};
			name = Release;
		};
		84D9D9FA1AEAFF90005834B2 /* Debug */ = {
			isa = XCBuildConfiguration;
			buildSettings = {
				BUNDLE_LOADER = "$(TEST_HOST)";
				FRAMEWORK_SEARCH_PATHS = (
					"$(SDKROOT)/Developer/Library/Frameworks",
					"$(inherited)",
				);
				GCC_PREPROCESSOR_DEFINITIONS = (
					"DEBUG=1",
					"$(inherited)",
				);
				INFOPLIST_FILE = No_storyboardTests/Info.plist;
				LD_RUNPATH_SEARCH_PATHS = "$(inherited) @executable_path/Frameworks @loader_path/Frameworks";
				PRODUCT_NAME = "$(TARGET_NAME)";
				TEST_HOST = "$(BUILT_PRODUCTS_DIR)/No_storyboard.app/No_storyboard";
			};
			name = Debug;
		};
		84D9D9FB1AEAFF90005834B2 /* Release */ = {
			isa = XCBuildConfiguration;
			buildSettings = {
				BUNDLE_LOADER = "$(TEST_HOST)";
				FRAMEWORK_SEARCH_PATHS = (
					"$(SDKROOT)/Developer/Library/Frameworks",
					"$(inherited)",
				);
				INFOPLIST_FILE = No_storyboardTests/Info.plist;
				LD_RUNPATH_SEARCH_PATHS = "$(inherited) @executable_path/Frameworks @loader_path/Frameworks";
				PRODUCT_NAME = "$(TARGET_NAME)";
				TEST_HOST = "$(BUILT_PRODUCTS_DIR)/No_storyboard.app/No_storyboard";
			};
			name = Release;
		};
/* End XCBuildConfiguration section */

/* Begin XCConfigurationList section */
		84D9D9CE1AEAFF90005834B2 /* Build configuration list for PBXProject "No_storyboard" */ = {
			isa = XCConfigurationList;
			buildConfigurations = (
				84D9D9F41AEAFF90005834B2 /* Debug */,
				84D9D9F51AEAFF90005834B2 /* Release */,
			);
			defaultConfigurationIsVisible = 0;
			defaultConfigurationName = Release;
		};
		84D9D9F61AEAFF90005834B2 /* Build configuration list for PBXNativeTarget "No_storyboard" */ = {
			isa = XCConfigurationList;
			buildConfigurations = (
				84D9D9F71AEAFF90005834B2 /* Debug */,
				84D9D9F81AEAFF90005834B2 /* Release */,
			);
			defaultConfigurationIsVisible = 0;
		};
		84D9D9F91AEAFF90005834B2 /* Build configuration list for PBXNativeTarget "No_storyboardTests" */ = {
			isa = XCConfigurationList;
			buildConfigurations = (
				84D9D9FA1AEAFF90005834B2 /* Debug */,
				84D9D9FB1AEAFF90005834B2 /* Release */,
			);
			defaultConfigurationIsVisible = 0;
		};
/* End XCConfigurationList section */
	};
	rootObject = 84D9D9CB1AEAFF90005834B2 /* Project object */;
}
